
Microsoft Visual Studio Solution File, Format Version 12.00
# Visual Studio Version 17
VisualStudioVersion = 17.0.31903.59
MinimumVisualStudioVersion = 10.0.40219.1
Project("{FAE04EC0-301F-11D3-BF4B-00C04F79EFBC}") = "KyhInterface", "KyhInterface\KyhInterface.csproj", "{0A8E58B7-7CC9-4C8D-8246-6646787527ED}"
EndProject
Global
	GlobalSection(SolutionConfigurationPlatforms) = preSolution
		Debug|Any CPU = Debug|Any CPU
		Release|Any CPU = Release|Any CPU
	EndGlobalSection
	GlobalSection(ProjectConfigurationPlatforms) = postSolution
		{0A8E58B7-7CC9-4C8D-8246-6646787527ED}.Debug|Any CPU.ActiveCfg = Debug|Any CPU
		{0A8E58B7-7CC9-4C8D-8246-6646787527ED}.Debug|Any CPU.Build.0 = Debug|Any CPU
		{0A8E58B7-7CC9-4C8D-8246-6646787527ED}.Release|Any CPU.ActiveCfg = Release|Any CPU
		{0A8E58B7-7CC9-4C8D-8246-6646787527ED}.Release|Any CPU.Build.0 = Release|Any CPU
	EndGlobalSection
	GlobalSection(SolutionProperties) = preSolution
		HideSolutionNode = FALSE
	EndGlobalSection
	GlobalSection(ExtensibilityGlobals) = postSolution
		SolutionGuid = {8558C5E0-7631-443E-B09F-5B1AAC4888D2}
	EndGlobalSection
EndGlobal
